// !$*UTF8*$!
{
	archiveVersion = 1;
	classes = {
	};
	objectVersion = 77;
	objects = {

/* Begin PBXBuildFile section */
		723766952E22DB4000607A3D /* Assets.xcassets in Resources */ = {isa = PBXBuildFile; fileRef = 7237668E2E22DB4000607A3D /* Assets.xcassets */; };
		723766962E22DB4000607A3D /* GoogleService-Info.plist in Resources */ = {isa = PBXBuildFile; fileRef = 723766902E22DB4000607A3D /* GoogleService-Info.plist */; };
		723766992E22DB4000607A3D /* RippletApp.swift in Sources */ = {isa = PBXBuildFile; fileRef = 723766932E22DB4000607A3D /* RippletApp.swift */; };
		7237669C2E22DE3100607A3D /* User.swift in Sources */ = {isa = PBXBuildFile; fileRef = 7237669B2E22DE3100607A3D /* User.swift */; };
		72574CB02E49DA0500BFF138 /* ProfileToolbar.swift in Sources */ = {isa = PBXBuildFile; fileRef = 72574CAF2E49DA0500BFF138 /* ProfileToolbar.swift */; };
		72827EC32E3DF5D500EBA534 /* SignInView.swift in Sources */ = {isa = PBXBuildFile; fileRef = 72827EC22E3DF5D500EBA534 /* SignInView.swift */; };
		72827EC72E3DF64200EBA534 /* Settings.swift in Sources */ = {isa = PBXBuildFile; fileRef = 72827EC62E3DF64200EBA534 /* Settings.swift */; };
		72827ECD2E3DF9E100EBA534 /* LaunchScreen.swift in Sources */ = {isa = PBXBuildFile; fileRef = 72827ECC2E3DF9E100EBA534 /* LaunchScreen.swift */; };
		72827ECF2E3DFDF800EBA534 /* HomeView.swift in Sources */ = {isa = PBXBuildFile; fileRef = 72827ECE2E3DFDF800EBA534 /* HomeView.swift */; };
		72827ED12E3DFDFD00EBA534 /* ChatView.swift in Sources */ = {isa = PBXBuildFile; fileRef = 72827ED02E3DFDFD00EBA534 /* ChatView.swift */; };
		72827ED32E3DFE3D00EBA534 /* ProfileView.swift in Sources */ = {isa = PBXBuildFile; fileRef = 72827ED22E3DFE3D00EBA534 /* ProfileView.swift */; };
		72827ED52E3DFE4300EBA534 /* CommunityView.swift in Sources */ = {isa = PBXBuildFile; fileRef = 72827ED42E3DFE4300EBA534 /* CommunityView.swift */; };
		931EF0D82E21EBD700768730 /* FirebaseAuth in Frameworks */ = {isa = PBXBuildFile; productRef = 931EF0D72E21EBD700768730 /* FirebaseAuth */; };
		931EF0DB2E21EBE900768730 /* GoogleSignIn in Frameworks */ = {isa = PBXBuildFile; productRef = 931EF0DA2E21EBE900768730 /* GoogleSignIn */; };
		931EF0DD2E21EBE900768730 /* GoogleSignInSwift in Frameworks */ = {isa = PBXBuildFile; productRef = 931EF0DC2E21EBE900768730 /* GoogleSignInSwift */; };
/* End PBXBuildFile section */

/* Begin PBXContainerItemProxy section */
		931EF0992E21D7F900768730 /* PBXContainerItemProxy */ = {
			isa = PBXContainerItemProxy;
			containerPortal = 931EF0822E21D7F800768730 /* Project object */;
			proxyType = 1;
			remoteGlobalIDString = 931EF0892E21D7F800768730;
			remoteInfo = Ripplet;
		};
		931EF0A32E21D7F900768730 /* PBXContainerItemProxy */ = {
			isa = PBXContainerItemProxy;
			containerPortal = 931EF0822E21D7F800768730 /* Project object */;
			proxyType = 1;
			remoteGlobalIDString = 931EF0892E21D7F800768730;
			remoteInfo = Ripplet;
		};
/* End PBXContainerItemProxy section */

/* Begin PBXFileReference section */
		7237668E2E22DB4000607A3D /* Assets.xcassets */ = {isa = PBXFileReference; lastKnownFileType = folder.assetcatalog; path = Assets.xcassets; sourceTree = "<group>"; };
		723766902E22DB4000607A3D /* GoogleService-Info.plist */ = {isa = PBXFileReference; lastKnownFileType = text.plist.xml; path = "GoogleService-Info.plist"; sourceTree = "<group>"; };
		723766912E22DB4000607A3D /* Info.plist */ = {isa = PBXFileReference; lastKnownFileType = text.plist.xml; path = Info.plist; sourceTree = "<group>"; };
		723766922E22DB4000607A3D /* Ripplet.entitlements */ = {isa = PBXFileReference; lastKnownFileType = text.plist.entitlements; path = Ripplet.entitlements; sourceTree = "<group>"; };
		723766932E22DB4000607A3D /* RippletApp.swift */ = {isa = PBXFileReference; lastKnownFileType = sourcecode.swift; path = RippletApp.swift; sourceTree = "<group>"; };
		7237669B2E22DE3100607A3D /* User.swift */ = {isa = PBXFileReference; lastKnownFileType = sourcecode.swift; path = User.swift; sourceTree = "<group>"; };
		72574CAF2E49DA0500BFF138 /* ProfileToolbar.swift */ = {isa = PBXFileReference; lastKnownFileType = sourcecode.swift; path = ProfileToolbar.swift; sourceTree = "<group>"; };
		72827EC22E3DF5D500EBA534 /* SignInView.swift */ = {isa = PBXFileReference; lastKnownFileType = sourcecode.swift; path = SignInView.swift; sourceTree = "<group>"; };
		72827EC62E3DF64200EBA534 /* Settings.swift */ = {isa = PBXFileReference; lastKnownFileType = sourcecode.swift; path = Settings.swift; sourceTree = "<group>"; };
		72827ECC2E3DF9E100EBA534 /* LaunchScreen.swift */ = {isa = PBXFileReference; lastKnownFileType = sourcecode.swift; path = LaunchScreen.swift; sourceTree = "<group>"; };
		72827ECE2E3DFDF800EBA534 /* HomeView.swift */ = {isa = PBXFileReference; lastKnownFileType = sourcecode.swift; path = HomeView.swift; sourceTree = "<group>"; };
		72827ED02E3DFDFD00EBA534 /* ChatView.swift */ = {isa = PBXFileReference; lastKnownFileType = sourcecode.swift; path = ChatView.swift; sourceTree = "<group>"; };
		72827ED22E3DFE3D00EBA534 /* ProfileView.swift */ = {isa = PBXFileReference; lastKnownFileType = sourcecode.swift; path = ProfileView.swift; sourceTree = "<group>"; };
		72827ED42E3DFE4300EBA534 /* CommunityView.swift */ = {isa = PBXFileReference; lastKnownFileType = sourcecode.swift; path = CommunityView.swift; sourceTree = "<group>"; };
		931EF08A2E21D7F900768730 /* Ripplet.app */ = {isa = PBXFileReference; explicitFileType = wrapper.application; includeInIndex = 0; path = Ripplet.app; sourceTree = BUILT_PRODUCTS_DIR; };
		931EF0982E21D7F900768730 /* RippletTests.xctest */ = {isa = PBXFileReference; explicitFileType = wrapper.cfbundle; includeInIndex = 0; path = RippletTests.xctest; sourceTree = BUILT_PRODUCTS_DIR; };
		931EF0A22E21D7F900768730 /* RippletUITests.xctest */ = {isa = PBXFileReference; explicitFileType = wrapper.cfbundle; includeInIndex = 0; path = RippletUITests.xctest; sourceTree = BUILT_PRODUCTS_DIR; };
/* End PBXFileReference section */

/* Begin PBXFrameworksBuildPhase section */
		931EF0872E21D7F800768730 /* Frameworks */ = {
			isa = PBXFrameworksBuildPhase;
			buildActionMask = 2147483647;
			files = (
				931EF0DD2E21EBE900768730 /* GoogleSignInSwift in Frameworks */,
				931EF0D82E21EBD700768730 /* FirebaseAuth in Frameworks */,
				931EF0DB2E21EBE900768730 /* GoogleSignIn in Frameworks */,
			);
			runOnlyForDeploymentPostprocessing = 0;
		};
		931EF0952E21D7F900768730 /* Frameworks */ = {
			isa = PBXFrameworksBuildPhase;
			buildActionMask = 2147483647;
			files = (
			);
			runOnlyForDeploymentPostprocessing = 0;
		};
		931EF09F2E21D7F900768730 /* Frameworks */ = {
			isa = PBXFrameworksBuildPhase;
			buildActionMask = 2147483647;
			files = (
			);
			runOnlyForDeploymentPostprocessing = 0;
		};
/* End PBXFrameworksBuildPhase section */

/* Begin PBXGroup section */
		723766942E22DB4000607A3D /* Ripplet */ = {
			isa = PBXGroup;
			children = (
				723766932E22DB4000607A3D /* RippletApp.swift */,
				72827ECC2E3DF9E100EBA534 /* LaunchScreen.swift */,
				72827EC22E3DF5D500EBA534 /* SignInView.swift */,
				72827ECB2E3DF70F00EBA534 /* Main Views */,
				72827EC82E3DF64800EBA534 /* Models */,
			);
			path = Ripplet;
			sourceTree = "<group>";
		};
		7237669A2E22DB5400607A3D /* Resources */ = {
			isa = PBXGroup;
			children = (
				723766922E22DB4000607A3D /* Ripplet.entitlements */,
				7237668E2E22DB4000607A3D /* Assets.xcassets */,
				723766912E22DB4000607A3D /* Info.plist */,
				723766902E22DB4000607A3D /* GoogleService-Info.plist */,
			);
			path = Resources;
			sourceTree = "<group>";
		};
		72827EC82E3DF64800EBA534 /* Models */ = {
			isa = PBXGroup;
			children = (
				72827EC62E3DF64200EBA534 /* Settings.swift */,
				7237669B2E22DE3100607A3D /* User.swift */,
			);
			path = Models;
			sourceTree = "<group>";
		};
		72827ECB2E3DF70F00EBA534 /* Main Views */ = {
			isa = PBXGroup;
			children = (
				72827ECE2E3DFDF800EBA534 /* HomeView.swift */,
				72827ED02E3DFDFD00EBA534 /* ChatView.swift */,
				72827ED42E3DFE4300EBA534 /* CommunityView.swift */,
				72827ED22E3DFE3D00EBA534 /* ProfileView.swift */,
				72574CAF2E49DA0500BFF138 /* ProfileToolbar.swift */,
			);
			path = "Main Views";
			sourceTree = "<group>";
		};
		931EF0812E21D7F800768730 = {
			isa = PBXGroup;
			children = (
				7237669A2E22DB5400607A3D /* Resources */,
				723766942E22DB4000607A3D /* Ripplet */,
				931EF08B2E21D7F900768730 /* Products */,
			);
			sourceTree = "<group>";
		};
		931EF08B2E21D7F900768730 /* Products */ = {
			isa = PBXGroup;
			children = (
				931EF08A2E21D7F900768730 /* Ripplet.app */,
				931EF0982E21D7F900768730 /* RippletTests.xctest */,
				931EF0A22E21D7F900768730 /* RippletUITests.xctest */,
			);
			name = Products;
			sourceTree = "<group>";
		};
/* End PBXGroup section */

/* Begin PBXNativeTarget section */
		931EF0892E21D7F800768730 /* Ripplet */ = {
			isa = PBXNativeTarget;
			buildConfigurationList = 931EF0AC2E21D7F900768730 /* Build configuration list for PBXNativeTarget "Ripplet" */;
			buildPhases = (
				931EF0862E21D7F800768730 /* Sources */,
				931EF0872E21D7F800768730 /* Frameworks */,
				931EF0882E21D7F800768730 /* Resources */,
			);
			buildRules = (
			);
			dependencies = (
			);
			name = Ripplet;
			packageProductDependencies = (
				931EF0D72E21EBD700768730 /* FirebaseAuth */,
				931EF0DA2E21EBE900768730 /* GoogleSignIn */,
				931EF0DC2E21EBE900768730 /* GoogleSignInSwift */,
			);
			productName = Ripplet;
			productReference = 931EF08A2E21D7F900768730 /* Ripplet.app */;
			productType = "com.apple.product-type.application";
		};
		931EF0972E21D7F900768730 /* RippletTests */ = {
			isa = PBXNativeTarget;
			buildConfigurationList = 931EF0AF2E21D7F900768730 /* Build configuration list for PBXNativeTarget "RippletTests" */;
			buildPhases = (
				931EF0942E21D7F900768730 /* Sources */,
				931EF0952E21D7F900768730 /* Frameworks */,
				931EF0962E21D7F900768730 /* Resources */,
			);
			buildRules = (
			);
			dependencies = (
				931EF09A2E21D7F900768730 /* PBXTargetDependency */,
			);
			name = RippletTests;
			packageProductDependencies = (
			);
			productName = RippletTests;
			productReference = 931EF0982E21D7F900768730 /* RippletTests.xctest */;
			productType = "com.apple.product-type.bundle.unit-test";
		};
		931EF0A12E21D7F900768730 /* RippletUITests */ = {
			isa = PBXNativeTarget;
			buildConfigurationList = 931EF0B22E21D7F900768730 /* Build configuration list for PBXNativeTarget "RippletUITests" */;
			buildPhases = (
				931EF09E2E21D7F900768730 /* Sources */,
				931EF09F2E21D7F900768730 /* Frameworks */,
				931EF0A02E21D7F900768730 /* Resources */,
			);
			buildRules = (
			);
			dependencies = (
				931EF0A42E21D7F900768730 /* PBXTargetDependency */,
			);
			name = RippletUITests;
			packageProductDependencies = (
			);
			productName = RippletUITests;
			productReference = 931EF0A22E21D7F900768730 /* RippletUITests.xctest */;
			productType = "com.apple.product-type.bundle.ui-testing";
		};
/* End PBXNativeTarget section */

/* Begin PBXProject section */
		931EF0822E21D7F800768730 /* Project object */ = {
			isa = PBXProject;
			attributes = {
				BuildIndependentTargetsInParallel = 1;
				LastSwiftUpdateCheck = 1640;
				LastUpgradeCheck = 1640;
				TargetAttributes = {
					931EF0892E21D7F800768730 = {
						CreatedOnToolsVersion = 16.4;
					};
					931EF0972E21D7F900768730 = {
						CreatedOnToolsVersion = 16.4;
						TestTargetID = 931EF0892E21D7F800768730;
					};
					931EF0A12E21D7F900768730 = {
						CreatedOnToolsVersion = 16.4;
						TestTargetID = 931EF0892E21D7F800768730;
					};
				};
			};
			buildConfigurationList = 931EF0852E21D7F800768730 /* Build configuration list for PBXProject "Ripplet" */;
			developmentRegion = en;
			hasScannedForEncodings = 0;
			knownRegions = (
				en,
				Base,
			);
			mainGroup = 931EF0812E21D7F800768730;
			minimizedProjectReferenceProxies = 1;
			packageReferences = (
				931EF0D62E21EBD700768730 /* XCRemoteSwiftPackageReference "firebase-ios-sdk" */,
				931EF0D92E21EBE900768730 /* XCRemoteSwiftPackageReference "GoogleSignIn-iOS" */,
			);
			preferredProjectObjectVersion = 77;
			productRefGroup = 931EF08B2E21D7F900768730 /* Products */;
			projectDirPath = "";
			projectRoot = "";
			targets = (
				931EF0892E21D7F800768730 /* Ripplet */,
				931EF0972E21D7F900768730 /* RippletTests */,
				931EF0A12E21D7F900768730 /* RippletUITests */,
			);
		};
/* End PBXProject section */

/* Begin PBXResourcesBuildPhase section */
		931EF0882E21D7F800768730 /* Resources */ = {
			isa = PBXResourcesBuildPhase;
			buildActionMask = 2147483647;
			files = (
				723766952E22DB4000607A3D /* Assets.xcassets in Resources */,
				723766962E22DB4000607A3D /* GoogleService-Info.plist in Resources */,
			);
			runOnlyForDeploymentPostprocessing = 0;
		};
		931EF0962E21D7F900768730 /* Resources */ = {
			isa = PBXResourcesBuildPhase;
			buildActionMask = 2147483647;
			files = (
			);
			runOnlyForDeploymentPostprocessing = 0;
		};
		931EF0A02E21D7F900768730 /* Resources */ = {
			isa = PBXResourcesBuildPhase;
			buildActionMask = 2147483647;
			files = (
			);
			runOnlyForDeploymentPostprocessing = 0;
		};
/* End PBXResourcesBuildPhase section */

/* Begin PBXSourcesBuildPhase section */
		931EF0862E21D7F800768730 /* Sources */ = {
			isa = PBXSourcesBuildPhase;
			buildActionMask = 2147483647;
			files = (
				72827EC72E3DF64200EBA534 /* Settings.swift in Sources */,
				72827ECF2E3DFDF800EBA534 /* HomeView.swift in Sources */,
				72827ED32E3DFE3D00EBA534 /* ProfileView.swift in Sources */,
				72827ED12E3DFDFD00EBA534 /* ChatView.swift in Sources */,
				72827ECD2E3DF9E100EBA534 /* LaunchScreen.swift in Sources */,
				72574CB02E49DA0500BFF138 /* ProfileToolbar.swift in Sources */,
				723766992E22DB4000607A3D /* RippletApp.swift in Sources */,
				72827EC32E3DF5D500EBA534 /* SignInView.swift in Sources */,
				72827ED52E3DFE4300EBA534 /* CommunityView.swift in Sources */,
				7237669C2E22DE3100607A3D /* User.swift in Sources */,
			);
			runOnlyForDeploymentPostprocessing = 0;
		};
		931EF0942E21D7F900768730 /* Sources */ = {
			isa = PBXSourcesBuildPhase;
			buildActionMask = 2147483647;
			files = (
			);
			runOnlyForDeploymentPostprocessing = 0;
		};
		931EF09E2E21D7F900768730 /* Sources */ = {
			isa = PBXSourcesBuildPhase;
			buildActionMask = 2147483647;
			files = (
			);
			runOnlyForDeploymentPostprocessing = 0;
		};
/* End PBXSourcesBuildPhase section */

/* Begin PBXTargetDependency section */
		931EF09A2E21D7F900768730 /* PBXTargetDependency */ = {
			isa = PBXTargetDependency;
			target = 931EF0892E21D7F800768730 /* Ripplet */;
			targetProxy = 931EF0992E21D7F900768730 /* PBXContainerItemProxy */;
		};
		931EF0A42E21D7F900768730 /* PBXTargetDependency */ = {
			isa = PBXTargetDependency;
			target = 931EF0892E21D7F800768730 /* Ripplet */;
			targetProxy = 931EF0A32E21D7F900768730 /* PBXContainerItemProxy */;
		};
/* End PBXTargetDependency section */

/* Begin XCBuildConfiguration section */
		931EF0AA2E21D7F900768730 /* Debug */ = {
			isa = XCBuildConfiguration;
			buildSettings = {
				ALWAYS_SEARCH_USER_PATHS = NO;
				ASSETCATALOG_COMPILER_GENERATE_SWIFT_ASSET_SYMBOL_EXTENSIONS = YES;
				CLANG_ANALYZER_NONNULL = YES;
				CLANG_ANALYZER_NUMBER_OBJECT_CONVERSION = YES_AGGRESSIVE;
				CLANG_CXX_LANGUAGE_STANDARD = "gnu++20";
				CLANG_ENABLE_MODULES = YES;
				CLANG_ENABLE_OBJC_ARC = YES;
				CLANG_ENABLE_OBJC_WEAK = YES;
				CLANG_WARN_BLOCK_CAPTURE_AUTORELEASING = YES;
				CLANG_WARN_BOOL_CONVERSION = YES;
				CLANG_WARN_COMMA = YES;
				CLANG_WARN_CONSTANT_CONVERSION = YES;
				CLANG_WARN_DEPRECATED_OBJC_IMPLEMENTATIONS = YES;
				CLANG_WARN_DIRECT_OBJC_ISA_USAGE = YES_ERROR;
				CLANG_WARN_DOCUMENTATION_COMMENTS = YES;
				CLANG_WARN_EMPTY_BODY = YES;
				CLANG_WARN_ENUM_CONVERSION = YES;
				CLANG_WARN_INFINITE_RECURSION = YES;
				CLANG_WARN_INT_CONVERSION = YES;
				CLANG_WARN_NON_LITERAL_NULL_CONVERSION = YES;
				CLANG_WARN_OBJC_IMPLICIT_RETAIN_SELF = YES;
				CLANG_WARN_OBJC_LITERAL_CONVERSION = YES;
				CLANG_WARN_OBJC_ROOT_CLASS = YES_ERROR;
				CLANG_WARN_QUOTED_INCLUDE_IN_FRAMEWORK_HEADER = YES;
				CLANG_WARN_RANGE_LOOP_ANALYSIS = YES;
				CLANG_WARN_STRICT_PROTOTYPES = YES;
				CLANG_WARN_SUSPICIOUS_MOVE = YES;
				CLANG_WARN_UNGUARDED_AVAILABILITY = YES_AGGRESSIVE;
				CLANG_WARN_UNREACHABLE_CODE = YES;
				CLANG_WARN__DUPLICATE_METHOD_MATCH = YES;
				COPY_PHASE_STRIP = NO;
				DEBUG_INFORMATION_FORMAT = dwarf;
				DEVELOPMENT_TEAM = TW86NGM4A2;
				ENABLE_STRICT_OBJC_MSGSEND = YES;
				ENABLE_TESTABILITY = YES;
				ENABLE_USER_SCRIPT_SANDBOXING = YES;
				GCC_C_LANGUAGE_STANDARD = gnu17;
				GCC_DYNAMIC_NO_PIC = NO;
				GCC_NO_COMMON_BLOCKS = YES;
				GCC_OPTIMIZATION_LEVEL = 0;
				GCC_PREPROCESSOR_DEFINITIONS = (
					"DEBUG=1",
					"$(inherited)",
				);
				GCC_WARN_64_TO_32_BIT_CONVERSION = YES;
				GCC_WARN_ABOUT_RETURN_TYPE = YES_ERROR;
				GCC_WARN_UNDECLARED_SELECTOR = YES;
				GCC_WARN_UNINITIALIZED_AUTOS = YES_AGGRESSIVE;
				GCC_WARN_UNUSED_FUNCTION = YES;
				GCC_WARN_UNUSED_VARIABLE = YES;
				LOCALIZATION_PREFERS_STRING_CATALOGS = YES;
				MTL_ENABLE_DEBUG_INFO = INCLUDE_SOURCE;
				MTL_FAST_MATH = YES;
				ONLY_ACTIVE_ARCH = YES;
				SWIFT_ACTIVE_COMPILATION_CONDITIONS = "DEBUG $(inherited)";
				SWIFT_OPTIMIZATION_LEVEL = "-Onone";
			};
			name = Debug;
		};
		931EF0AB2E21D7F900768730 /* Release */ = {
			isa = XCBuildConfiguration;
			buildSettings = {
				ALWAYS_SEARCH_USER_PATHS = NO;
				ASSETCATALOG_COMPILER_GENERATE_SWIFT_ASSET_SYMBOL_EXTENSIONS = YES;
				CLANG_ANALYZER_NONNULL = YES;
				CLANG_ANALYZER_NUMBER_OBJECT_CONVERSION = YES_AGGRESSIVE;
				CLANG_CXX_LANGUAGE_STANDARD = "gnu++20";
				CLANG_ENABLE_MODULES = YES;
				CLANG_ENABLE_OBJC_ARC = YES;
				CLANG_ENABLE_OBJC_WEAK = YES;
				CLANG_WARN_BLOCK_CAPTURE_AUTORELEASING = YES;
				CLANG_WARN_BOOL_CONVERSION = YES;
				CLANG_WARN_COMMA = YES;
				CLANG_WARN_CONSTANT_CONVERSION = YES;
				CLANG_WARN_DEPRECATED_OBJC_IMPLEMENTATIONS = YES;
				CLANG_WARN_DIRECT_OBJC_ISA_USAGE = YES_ERROR;
				CLANG_WARN_DOCUMENTATION_COMMENTS = YES;
				CLANG_WARN_EMPTY_BODY = YES;
				CLANG_WARN_ENUM_CONVERSION = YES;
				CLANG_WARN_INFINITE_RECURSION = YES;
				CLANG_WARN_INT_CONVERSION = YES;
				CLANG_WARN_NON_LITERAL_NULL_CONVERSION = YES;
				CLANG_WARN_OBJC_IMPLICIT_RETAIN_SELF = YES;
				CLANG_WARN_OBJC_LITERAL_CONVERSION = YES;
				CLANG_WARN_OBJC_ROOT_CLASS = YES_ERROR;
				CLANG_WARN_QUOTED_INCLUDE_IN_FRAMEWORK_HEADER = YES;
				CLANG_WARN_RANGE_LOOP_ANALYSIS = YES;
				CLANG_WARN_STRICT_PROTOTYPES = YES;
				CLANG_WARN_SUSPICIOUS_MOVE = YES;
				CLANG_WARN_UNGUARDED_AVAILABILITY = YES_AGGRESSIVE;
				CLANG_WARN_UNREACHABLE_CODE = YES;
				CLANG_WARN__DUPLICATE_METHOD_MATCH = YES;
				COPY_PHASE_STRIP = NO;
				DEBUG_INFORMATION_FORMAT = "dwarf-with-dsym";
				DEVELOPMENT_TEAM = TW86NGM4A2;
				ENABLE_NS_ASSERTIONS = NO;
				ENABLE_STRICT_OBJC_MSGSEND = YES;
				ENABLE_USER_SCRIPT_SANDBOXING = YES;
				GCC_C_LANGUAGE_STANDARD = gnu17;
				GCC_NO_COMMON_BLOCKS = YES;
				GCC_WARN_64_TO_32_BIT_CONVERSION = YES;
				GCC_WARN_ABOUT_RETURN_TYPE = YES_ERROR;
				GCC_WARN_UNDECLARED_SELECTOR = YES;
				GCC_WARN_UNINITIALIZED_AUTOS = YES_AGGRESSIVE;
				GCC_WARN_UNUSED_FUNCTION = YES;
				GCC_WARN_UNUSED_VARIABLE = YES;
				LOCALIZATION_PREFERS_STRING_CATALOGS = YES;
				MTL_ENABLE_DEBUG_INFO = NO;
				MTL_FAST_MATH = YES;
				SWIFT_COMPILATION_MODE = wholemodule;
			};
			name = Release;
		};
		931EF0AD2E21D7F900768730 /* Debug */ = {
			isa = XCBuildConfiguration;
			buildSettings = {
				ASSETCATALOG_COMPILER_APPICON_NAME = AppIcon;
				ASSETCATALOG_COMPILER_GLOBAL_ACCENT_COLOR_NAME = AccentColor;
				CODE_SIGN_ENTITLEMENTS = Resources/Ripplet.entitlements;
				CODE_SIGN_IDENTITY = "Apple Development";
				CODE_SIGN_STYLE = Automatic;
				CURRENT_PROJECT_VERSION = 1;
				DEVELOPMENT_TEAM = 8HQMC4MQ59;
				ENABLE_HARDENED_RUNTIME = YES;
				ENABLE_PREVIEWS = YES;
				GENERATE_INFOPLIST_FILE = YES;
				INFOPLIST_FILE = Resources/Info.plist;
				INFOPLIST_KEY_CFBundleDisplayName = Ripplet;
				INFOPLIST_KEY_LSApplicationCategoryType = "public.app-category.social-networking";
				"INFOPLIST_KEY_UIApplicationSceneManifest_Generation[sdk=iphoneos*]" = YES;
				"INFOPLIST_KEY_UIApplicationSceneManifest_Generation[sdk=iphonesimulator*]" = YES;
				"INFOPLIST_KEY_UIApplicationSupportsIndirectInputEvents[sdk=iphoneos*]" = YES;
				"INFOPLIST_KEY_UIApplicationSupportsIndirectInputEvents[sdk=iphonesimulator*]" = YES;
				"INFOPLIST_KEY_UILaunchScreen_Generation[sdk=iphoneos*]" = YES;
				"INFOPLIST_KEY_UILaunchScreen_Generation[sdk=iphonesimulator*]" = YES;
				"INFOPLIST_KEY_UIStatusBarStyle[sdk=iphoneos*]" = UIStatusBarStyleDefault;
				"INFOPLIST_KEY_UIStatusBarStyle[sdk=iphonesimulator*]" = UIStatusBarStyleDefault;
				INFOPLIST_KEY_UISupportedInterfaceOrientations_iPad = "UIInterfaceOrientationPortrait UIInterfaceOrientationPortraitUpsideDown UIInterfaceOrientationLandscapeLeft UIInterfaceOrientationLandscapeRight";
				INFOPLIST_KEY_UISupportedInterfaceOrientations_iPhone = "UIInterfaceOrientationPortrait UIInterfaceOrientationLandscapeLeft UIInterfaceOrientationLandscapeRight";
				IPHONEOS_DEPLOYMENT_TARGET = 16.0;
				LD_RUNPATH_SEARCH_PATHS = "@executable_path/Frameworks";
				"LD_RUNPATH_SEARCH_PATHS[sdk=macosx*]" = "@executable_path/../Frameworks";
				MACOSX_DEPLOYMENT_TARGET = 15.5;
				MARKETING_VERSION = 1.0;
				PRODUCT_BUNDLE_IDENTIFIER = com.elmallah.ripplet;
				PRODUCT_NAME = "$(TARGET_NAME)";
				PROVISIONING_PROFILE_SPECIFIER = "";
				REGISTER_APP_GROUPS = YES;
				SDKROOT = auto;
				SUPPORTED_PLATFORMS = "iphoneos iphonesimulator";
				SUPPORTS_MACCATALYST = NO;
				SUPPORTS_MAC_DESIGNED_FOR_IPHONE_IPAD = YES;
				SUPPORTS_XR_DESIGNED_FOR_IPHONE_IPAD = YES;
				SWIFT_EMIT_LOC_STRINGS = YES;
				SWIFT_VERSION = 5.0;
				TARGETED_DEVICE_FAMILY = "1,2";
				XROS_DEPLOYMENT_TARGET = 2.5;
			};
			name = Debug;
		};
		931EF0AE2E21D7F900768730 /* Release */ = {
			isa = XCBuildConfiguration;
			buildSettings = {
				ASSETCATALOG_COMPILER_APPICON_NAME = AppIcon;
				ASSETCATALOG_COMPILER_GLOBAL_ACCENT_COLOR_NAME = AccentColor;
				CODE_SIGN_ENTITLEMENTS = Resources/Ripplet.entitlements;
				CODE_SIGN_IDENTITY = "Apple Development";
				CODE_SIGN_STYLE = Automatic;
				CURRENT_PROJECT_VERSION = 1;
				DEVELOPMENT_TEAM = 8HQMC4MQ59;
				ENABLE_HARDENED_RUNTIME = YES;
				ENABLE_PREVIEWS = YES;
				GENERATE_INFOPLIST_FILE = YES;
				INFOPLIST_FILE = Resources/Info.plist;
				INFOPLIST_KEY_CFBundleDisplayName = Ripplet;
				INFOPLIST_KEY_LSApplicationCategoryType = "public.app-category.social-networking";
				"INFOPLIST_KEY_UIApplicationSceneManifest_Generation[sdk=iphoneos*]" = YES;
				"INFOPLIST_KEY_UIApplicationSceneManifest_Generation[sdk=iphonesimulator*]" = YES;
				"INFOPLIST_KEY_UIApplicationSupportsIndirectInputEvents[sdk=iphoneos*]" = YES;
				"INFOPLIST_KEY_UIApplicationSupportsIndirectInputEvents[sdk=iphonesimulator*]" = YES;
				"INFOPLIST_KEY_UILaunchScreen_Generation[sdk=iphoneos*]" = YES;
				"INFOPLIST_KEY_UILaunchScreen_Generation[sdk=iphonesimulator*]" = YES;
				"INFOPLIST_KEY_UIStatusBarStyle[sdk=iphoneos*]" = UIStatusBarStyleDefault;
				"INFOPLIST_KEY_UIStatusBarStyle[sdk=iphonesimulator*]" = UIStatusBarStyleDefault;
				INFOPLIST_KEY_UISupportedInterfaceOrientations_iPad = "UIInterfaceOrientationPortrait UIInterfaceOrientationPortraitUpsideDown UIInterfaceOrientationLandscapeLeft UIInterfaceOrientationLandscapeRight";
				INFOPLIST_KEY_UISupportedInterfaceOrientations_iPhone = "UIInterfaceOrientationPortrait UIInterfaceOrientationLandscapeLeft UIInterfaceOrientationLandscapeRight";
				IPHONEOS_DEPLOYMENT_TARGET = 16.0;
				LD_RUNPATH_SEARCH_PATHS = "@executable_path/Frameworks";
				"LD_RUNPATH_SEARCH_PATHS[sdk=macosx*]" = "@executable_path/../Frameworks";
				MACOSX_DEPLOYMENT_TARGET = 15.5;
				MARKETING_VERSION = 1.0;
				PRODUCT_BUNDLE_IDENTIFIER = com.elmallah.ripplet;
				PRODUCT_NAME = "$(TARGET_NAME)";
				PROVISIONING_PROFILE_SPECIFIER = "";
				REGISTER_APP_GROUPS = YES;
				SDKROOT = auto;
				SUPPORTED_PLATFORMS = "iphoneos iphonesimulator";
				SUPPORTS_MACCATALYST = NO;
				SUPPORTS_MAC_DESIGNED_FOR_IPHONE_IPAD = YES;
				SUPPORTS_XR_DESIGNED_FOR_IPHONE_IPAD = YES;
				SWIFT_EMIT_LOC_STRINGS = YES;
				SWIFT_VERSION = 5.0;
				TARGETED_DEVICE_FAMILY = "1,2";
				XROS_DEPLOYMENT_TARGET = 2.5;
			};
			name = Release;
		};
		931EF0B02E21D7F900768730 /* Debug */ = {
			isa = XCBuildConfiguration;
			buildSettings = {
				BUNDLE_LOADER = "$(TEST_HOST)";
				CODE_SIGN_STYLE = Automatic;
				CURRENT_PROJECT_VERSION = 1;
				DEVELOPMENT_TEAM = TW86NGM4A2;
				GENERATE_INFOPLIST_FILE = YES;
				IPHONEOS_DEPLOYMENT_TARGET = 18.5;
				MACOSX_DEPLOYMENT_TARGET = 15.5;
				MARKETING_VERSION = 1.0;
				PRODUCT_BUNDLE_IDENTIFIER = com.dylantran.RippletTests;
				PRODUCT_NAME = "$(TARGET_NAME)";
				SDKROOT = auto;
				SUPPORTED_PLATFORMS = "iphoneos iphonesimulator macosx xros xrsimulator";
				SWIFT_EMIT_LOC_STRINGS = NO;
				SWIFT_VERSION = 5.0;
				TARGETED_DEVICE_FAMILY = "1,2,7";
				TEST_HOST = "$(BUILT_PRODUCTS_DIR)/Ripplet.app/$(BUNDLE_EXECUTABLE_FOLDER_PATH)/Ripplet";
				XROS_DEPLOYMENT_TARGET = 2.5;
			};
			name = Debug;
		};
		931EF0B12E21D7F900768730 /* Release */ = {
			isa = XCBuildConfiguration;
			buildSettings = {
				BUNDLE_LOADER = "$(TEST_HOST)";
				CODE_SIGN_STYLE = Automatic;
				CURRENT_PROJECT_VERSION = 1;
				DEVELOPMENT_TEAM = TW86NGM4A2;
				GENERATE_INFOPLIST_FILE = YES;
				IPHONEOS_DEPLOYMENT_TARGET = 18.5;
				MACOSX_DEPLOYMENT_TARGET = 15.5;
				MARKETING_VERSION = 1.0;
				PRODUCT_BUNDLE_IDENTIFIER = com.dylantran.RippletTests;
				PRODUCT_NAME = "$(TARGET_NAME)";
				SDKROOT = auto;
				SUPPORTED_PLATFORMS = "iphoneos iphonesimulator macosx xros xrsimulator";
				SWIFT_EMIT_LOC_STRINGS = NO;
				SWIFT_VERSION = 5.0;
				TARGETED_DEVICE_FAMILY = "1,2,7";
				TEST_HOST = "$(BUILT_PRODUCTS_DIR)/Ripplet.app/$(BUNDLE_EXECUTABLE_FOLDER_PATH)/Ripplet";
				XROS_DEPLOYMENT_TARGET = 2.5;
			};
			name = Release;
		};
		931EF0B32E21D7F900768730 /* Debug */ = {
			isa = XCBuildConfiguration;
			buildSettings = {
				CODE_SIGN_STYLE = Automatic;
				CURRENT_PROJECT_VERSION = 1;
				DEVELOPMENT_TEAM = TW86NGM4A2;
				GENERATE_INFOPLIST_FILE = YES;
				IPHONEOS_DEPLOYMENT_TARGET = 18.5;
				MACOSX_DEPLOYMENT_TARGET = 15.5;
				MARKETING_VERSION = 1.0;
				PRODUCT_BUNDLE_IDENTIFIER = com.dylantran.RippletUITests;
				PRODUCT_NAME = "$(TARGET_NAME)";
				SDKROOT = auto;
				SUPPORTED_PLATFORMS = "iphoneos iphonesimulator macosx xros xrsimulator";
				SWIFT_EMIT_LOC_STRINGS = NO;
				SWIFT_VERSION = 5.0;
				TARGETED_DEVICE_FAMILY = "1,2,7";
				TEST_TARGET_NAME = Ripplet;
				XROS_DEPLOYMENT_TARGET = 2.5;
			};
			name = Debug;
		};
		931EF0B42E21D7F900768730 /* Release */ = {
			isa = XCBuildConfiguration;
			buildSettings = {
				CODE_SIGN_STYLE = Automatic;
				CURRENT_PROJECT_VERSION = 1;
				DEVELOPMENT_TEAM = TW86NGM4A2;
				GENERATE_INFOPLIST_FILE = YES;
				IPHONEOS_DEPLOYMENT_TARGET = 18.5;
				MACOSX_DEPLOYMENT_TARGET = 15.5;
				MARKETING_VERSION = 1.0;
				PRODUCT_BUNDLE_IDENTIFIER = com.dylantran.RippletUITests;
				PRODUCT_NAME = "$(TARGET_NAME)";
				SDKROOT = auto;
				SUPPORTED_PLATFORMS = "iphoneos iphonesimulator macosx xros xrsimulator";
				SWIFT_EMIT_LOC_STRINGS = NO;
				SWIFT_VERSION = 5.0;
				TARGETED_DEVICE_FAMILY = "1,2,7";
				TEST_TARGET_NAME = Ripplet;
				XROS_DEPLOYMENT_TARGET = 2.5;
			};
			name = Release;
		};
/* End XCBuildConfiguration section */

/* Begin XCConfigurationList section */
		931EF0852E21D7F800768730 /* Build configuration list for PBXProject "Ripplet" */ = {
			isa = XCConfigurationList;
			buildConfigurations = (
				931EF0AA2E21D7F900768730 /* Debug */,
				931EF0AB2E21D7F900768730 /* Release */,
			);
			defaultConfigurationIsVisible = 0;
			defaultConfigurationName = Release;
		};
		931EF0AC2E21D7F900768730 /* Build configuration list for PBXNativeTarget "Ripplet" */ = {
			isa = XCConfigurationList;
			buildConfigurations = (
				931EF0AD2E21D7F900768730 /* Debug */,
				931EF0AE2E21D7F900768730 /* Release */,
			);
			defaultConfigurationIsVisible = 0;
			defaultConfigurationName = Release;
		};
		931EF0AF2E21D7F900768730 /* Build configuration list for PBXNativeTarget "RippletTests" */ = {
			isa = XCConfigurationList;
			buildConfigurations = (
				931EF0B02E21D7F900768730 /* Debug */,
				931EF0B12E21D7F900768730 /* Release */,
			);
			defaultConfigurationIsVisible = 0;
			defaultConfigurationName = Release;
		};
		931EF0B22E21D7F900768730 /* Build configuration list for PBXNativeTarget "RippletUITests" */ = {
			isa = XCConfigurationList;
			buildConfigurations = (
				931EF0B32E21D7F900768730 /* Debug */,
				931EF0B42E21D7F900768730 /* Release */,
			);
			defaultConfigurationIsVisible = 0;
			defaultConfigurationName = Release;
		};
/* End XCConfigurationList section */

/* Begin XCRemoteSwiftPackageReference section */
		931EF0D62E21EBD700768730 /* XCRemoteSwiftPackageReference "firebase-ios-sdk" */ = {
			isa = XCRemoteSwiftPackageReference;
			repositoryURL = "https://github.com/firebase/firebase-ios-sdk";
			requirement = {
				kind = upToNextMajorVersion;
				minimumVersion = 11.15.0;
			};
		};
		931EF0D92E21EBE900768730 /* XCRemoteSwiftPackageReference "GoogleSignIn-iOS" */ = {
			isa = XCRemoteSwiftPackageReference;
			repositoryURL = "https://github.com/google/GoogleSignIn-iOS";
			requirement = {
				kind = upToNextMajorVersion;
				minimumVersion = 9.0.0;
			};
		};
/* End XCRemoteSwiftPackageReference section */

/* Begin XCSwiftPackageProductDependency section */
		931EF0D72E21EBD700768730 /* FirebaseAuth */ = {
			isa = XCSwiftPackageProductDependency;
			package = 931EF0D62E21EBD700768730 /* XCRemoteSwiftPackageReference "firebase-ios-sdk" */;
			productName = FirebaseAuth;
		};
		931EF0DA2E21EBE900768730 /* GoogleSignIn */ = {
			isa = XCSwiftPackageProductDependency;
			package = 931EF0D92E21EBE900768730 /* XCRemoteSwiftPackageReference "GoogleSignIn-iOS" */;
			productName = GoogleSignIn;
		};
		931EF0DC2E21EBE900768730 /* GoogleSignInSwift */ = {
			isa = XCSwiftPackageProductDependency;
			package = 931EF0D92E21EBE900768730 /* XCRemoteSwiftPackageReference "GoogleSignIn-iOS" */;
			productName = GoogleSignInSwift;
		};
/* End XCSwiftPackageProductDependency section */
	};
	rootObject = 931EF0822E21D7F800768730 /* Project object */;
}
